
Microsoft Visual Studio Solution File, Format Version 12.00
# Visual Studio 15
VisualStudioVersion = 15.0.27428.2043
MinimumVisualStudioVersion = 10.0.40219.1
Project("{2150E333-8FDC-42A3-9474-1A3956D46DE8}") = "Solution Items", "Solution Items", "{79891F59-2619-4A3F-8601-4A3B7E6545F6}"
	ProjectSection(SolutionItems) = preProject
		.editorconfig = .editorconfig
		.gitignore = .gitignore
		Ensure.ruleset = Ensure.ruleset
		README.md = README.md
	EndProjectSection
EndProject
Project("{9A19103F-16F7-4668-BE54-9A1E7A4F7556}") = "Ensure.Tests", "tests\Ensure.Tests\Ensure.Tests.csproj", "{2B85C9BF-8172-46B3-9509-8B7A331B2DF5}"
EndProject
Project("{9A19103F-16F7-4668-BE54-9A1E7A4F7556}") = "Ensure", "src\Ensure\Ensure.csproj", "{9DD61E95-AFDD-44BD-95E6-055CED4E7544}"
EndProject
Project("{9A19103F-16F7-4668-BE54-9A1E7A4F7556}") = "Ensure.Benchmarks", "benchmarks\Ensure.Benchmarks\Ensure.Benchmarks.csproj", "{9982AF7A-F572-4769-AB01-BCCB0B1EE111}"
EndProject
Global
	GlobalSection(SolutionConfigurationPlatforms) = preSolution
		Debug|Any CPU = Debug|Any CPU
		Release|Any CPU = Release|Any CPU
	EndGlobalSection
	GlobalSection(ProjectConfigurationPlatforms) = postSolution
		{2B85C9BF-8172-46B3-9509-8B7A331B2DF5}.Debug|Any CPU.ActiveCfg = Debug|Any CPU
		{2B85C9BF-8172-46B3-9509-8B7A331B2DF5}.Debug|Any CPU.Build.0 = Debug|Any CPU
		{2B85C9BF-8172-46B3-9509-8B7A331B2DF5}.Release|Any CPU.ActiveCfg = Release|Any CPU
		{2B85C9BF-8172-46B3-9509-8B7A331B2DF5}.Release|Any CPU.Build.0 = Release|Any CPU
		{9DD61E95-AFDD-44BD-95E6-055CED4E7544}.Debug|Any CPU.ActiveCfg = Debug|Any CPU
		{9DD61E95-AFDD-44BD-95E6-055CED4E7544}.Debug|Any CPU.Build.0 = Debug|Any CPU
		{9DD61E95-AFDD-44BD-95E6-055CED4E7544}.Release|Any CPU.ActiveCfg = Release|Any CPU
		{9DD61E95-AFDD-44BD-95E6-055CED4E7544}.Release|Any CPU.Build.0 = Release|Any CPU
		{9982AF7A-F572-4769-AB01-BCCB0B1EE111}.Debug|Any CPU.ActiveCfg = Debug|Any CPU
		{9982AF7A-F572-4769-AB01-BCCB0B1EE111}.Debug|Any CPU.Build.0 = Debug|Any CPU
		{9982AF7A-F572-4769-AB01-BCCB0B1EE111}.Release|Any CPU.ActiveCfg = Release|Any CPU
		{9982AF7A-F572-4769-AB01-BCCB0B1EE111}.Release|Any CPU.Build.0 = Release|Any CPU
	EndGlobalSection
	GlobalSection(SolutionProperties) = preSolution
		HideSolutionNode = FALSE
	EndGlobalSection
	GlobalSection(ExtensibilityGlobals) = postSolution
		SolutionGuid = {D13B25A2-A655-4A45-BE7E-B2FB13F18277}
	EndGlobalSection
EndGlobal
